
Microsoft Visual Studio Solution File, Format Version 12.00
# Visual Studio Version 16
VisualStudioVersion = 16.0.30523.141
MinimumVisualStudioVersion = 10.0.40219.1
Project("{FAE04EC0-301F-11D3-BF4B-00C04F79EFBC}") = "Exercice1", "Exercice1\Exercice1.csproj", "{81A11133-7F2E-4AC6-B461-80752B1E3E3C}"
EndProject
Project("{FAE04EC0-301F-11D3-BF4B-00C04F79EFBC}") = "Exercice2", "Exercice2\Exercice2.csproj", "{AE8AE9CF-097F-43D4-A7EC-399DAF15A8B6}"
EndProject
Project("{FAE04EC0-301F-11D3-BF4B-00C04F79EFBC}") = "Exercice3", "Exercice3\Exercice3.csproj", "{5BE07CCC-D364-4CEC-973A-EB567007C167}"
EndProject
Project("{FAE04EC0-301F-11D3-BF4B-00C04F79EFBC}") = "Exercice5", "Exercice5\Exercice5.csproj", "{B73E9D11-4D33-4C90-8290-0DDBAE85331F}"
EndProject
Project("{FAE04EC0-301F-11D3-BF4B-00C04F79EFBC}") = "Exercice6", "Exercice6\Exercice6.csproj", "{A4151FF5-3DD9-448F-B95D-491D4E8B1568}"
EndProject
Project("{FAE04EC0-301F-11D3-BF4B-00C04F79EFBC}") = "Exercice4a", "Exercice4a\Exercice4a.csproj", "{F6798BD2-A32F-441F-BAF0-6A4F33A66703}"
EndProject
Project("{FAE04EC0-301F-11D3-BF4B-00C04F79EFBC}") = "Exercice4b", "Exercice4b\Exercice4b.csproj", "{A57D8871-8003-4203-8ABC-70F953868AE3}"
EndProject
Project("{FAE04EC0-301F-11D3-BF4B-00C04F79EFBC}") = "Exercise7", "Exercise7\Exercise7.csproj", "{228E6F14-176F-4AED-8FB5-E7A1433252FF}"
EndProject
Global
	GlobalSection(SolutionConfigurationPlatforms) = preSolution
		Debug|Any CPU = Debug|Any CPU
		Release|Any CPU = Release|Any CPU
	EndGlobalSection
	GlobalSection(ProjectConfigurationPlatforms) = postSolution
		{81A11133-7F2E-4AC6-B461-80752B1E3E3C}.Debug|Any CPU.ActiveCfg = Debug|Any CPU
		{81A11133-7F2E-4AC6-B461-80752B1E3E3C}.Debug|Any CPU.Build.0 = Debug|Any CPU
		{81A11133-7F2E-4AC6-B461-80752B1E3E3C}.Release|Any CPU.ActiveCfg = Release|Any CPU
		{81A11133-7F2E-4AC6-B461-80752B1E3E3C}.Release|Any CPU.Build.0 = Release|Any CPU
		{AE8AE9CF-097F-43D4-A7EC-399DAF15A8B6}.Debug|Any CPU.ActiveCfg = Debug|Any CPU
		{AE8AE9CF-097F-43D4-A7EC-399DAF15A8B6}.Debug|Any CPU.Build.0 = Debug|Any CPU
		{AE8AE9CF-097F-43D4-A7EC-399DAF15A8B6}.Release|Any CPU.ActiveCfg = Release|Any CPU
		{AE8AE9CF-097F-43D4-A7EC-399DAF15A8B6}.Release|Any CPU.Build.0 = Release|Any CPU
		{5BE07CCC-D364-4CEC-973A-EB567007C167}.Debug|Any CPU.ActiveCfg = Debug|Any CPU
		{5BE07CCC-D364-4CEC-973A-EB567007C167}.Debug|Any CPU.Build.0 = Debug|Any CPU
		{5BE07CCC-D364-4CEC-973A-EB567007C167}.Release|Any CPU.ActiveCfg = Release|Any CPU
		{5BE07CCC-D364-4CEC-973A-EB567007C167}.Release|Any CPU.Build.0 = Release|Any CPU
		{B73E9D11-4D33-4C90-8290-0DDBAE85331F}.Debug|Any CPU.ActiveCfg = Debug|Any CPU
		{B73E9D11-4D33-4C90-8290-0DDBAE85331F}.Debug|Any CPU.Build.0 = Debug|Any CPU
		{B73E9D11-4D33-4C90-8290-0DDBAE85331F}.Release|Any CPU.ActiveCfg = Release|Any CPU
		{B73E9D11-4D33-4C90-8290-0DDBAE85331F}.Release|Any CPU.Build.0 = Release|Any CPU
		{A4151FF5-3DD9-448F-B95D-491D4E8B1568}.Debug|Any CPU.ActiveCfg = Debug|Any CPU
		{A4151FF5-3DD9-448F-B95D-491D4E8B1568}.Debug|Any CPU.Build.0 = Debug|Any CPU
		{A4151FF5-3DD9-448F-B95D-491D4E8B1568}.Release|Any CPU.ActiveCfg = Release|Any CPU
		{A4151FF5-3DD9-448F-B95D-491D4E8B1568}.Release|Any CPU.Build.0 = Release|Any CPU
		{F6798BD2-A32F-441F-BAF0-6A4F33A66703}.Debug|Any CPU.ActiveCfg = Debug|Any CPU
		{F6798BD2-A32F-441F-BAF0-6A4F33A66703}.Debug|Any CPU.Build.0 = Debug|Any CPU
		{F6798BD2-A32F-441F-BAF0-6A4F33A66703}.Release|Any CPU.ActiveCfg = Release|Any CPU
		{F6798BD2-A32F-441F-BAF0-6A4F33A66703}.Release|Any CPU.Build.0 = Release|Any CPU
		{A57D8871-8003-4203-8ABC-70F953868AE3}.Debug|Any CPU.ActiveCfg = Debug|Any CPU
		{A57D8871-8003-4203-8ABC-70F953868AE3}.Debug|Any CPU.Build.0 = Debug|Any CPU
		{A57D8871-8003-4203-8ABC-70F953868AE3}.Release|Any CPU.ActiveCfg = Release|Any CPU
		{A57D8871-8003-4203-8ABC-70F953868AE3}.Release|Any CPU.Build.0 = Release|Any CPU
		{228E6F14-176F-4AED-8FB5-E7A1433252FF}.Debug|Any CPU.ActiveCfg = Debug|Any CPU
		{228E6F14-176F-4AED-8FB5-E7A1433252FF}.Debug|Any CPU.Build.0 = Debug|Any CPU
		{228E6F14-176F-4AED-8FB5-E7A1433252FF}.Release|Any CPU.ActiveCfg = Release|Any CPU
		{228E6F14-176F-4AED-8FB5-E7A1433252FF}.Release|Any CPU.Build.0 = Release|Any CPU
	EndGlobalSection
	GlobalSection(SolutionProperties) = preSolution
		HideSolutionNode = FALSE
	EndGlobalSection
	GlobalSection(ExtensibilityGlobals) = postSolution
		SolutionGuid = {2ED52A57-0145-4ECE-8D23-11B49304DD86}
	EndGlobalSection
EndGlobal
